// !$*UTF8*$!
{
	archiveVersion = 1;
	classes = {
	};
	objectVersion = 46;
	objects = {

/* Begin PBXBuildFile section */
		0232DAB2155A66C0004D70ED /* UIKit.framework in Frameworks */ = {isa = PBXBuildFile; fileRef = 0232DAB1155A66C0004D70ED /* UIKit.framework */; };
		0232DAB4155A66C0004D70ED /* Foundation.framework in Frameworks */ = {isa = PBXBuildFile; fileRef = 0232DAB3155A66C0004D70ED /* Foundation.framework */; };
		0232DAB6155A66C0004D70ED /* CoreGraphics.framework in Frameworks */ = {isa = PBXBuildFile; fileRef = 0232DAB5155A66C0004D70ED /* CoreGraphics.framework */; };
		0232DABC155A66C0004D70ED /* InfoPlist.strings in Resources */ = {isa = PBXBuildFile; fileRef = 0232DABA155A66C0004D70ED /* InfoPlist.strings */; };
		0232DABE155A66C0004D70ED /* main.m in Sources */ = {isa = PBXBuildFile; fileRef = 0232DABD155A66C0004D70ED /* main.m */; };
		0232DAC2155A66C0004D70ED /* AppDelegate.m in Sources */ = {isa = PBXBuildFile; fileRef = 0232DAC1155A66C0004D70ED /* AppDelegate.m */; };
/* End PBXBuildFile section */

/* Begin PBXFileReference section */
		0232DAAD155A66C0004D70ED /* ertrete.app */ = {isa = PBXFileReference; explicitFileType = wrapper.application; includeInIndex = 0; path = ertrete.app; sourceTree = BUILT_PRODUCTS_DIR; };
		0232DAB1155A66C0004D70ED /* UIKit.framework */ = {isa = PBXFileReference; lastKnownFileType = wrapper.framework; name = UIKit.framework; path = System/Library/Frameworks/UIKit.framework; sourceTree = SDKROOT; };
		0232DAB3155A66C0004D70ED /* Foundation.framework */ = {isa = PBXFileReference; lastKnownFileType = wrapper.framework; name = Foundation.framework; path = System/Library/Frameworks/Foundation.framework; sourceTree = SDKROOT; };
		0232DAB5155A66C0004D70ED /* CoreGraphics.framework */ = {isa = PBXFileReference; lastKnownFileType = wrapper.framework; name = CoreGraphics.framework; path = System/Library/Frameworks/CoreGraphics.framework; sourceTree = SDKROOT; };
		0232DAB9155A66C0004D70ED /* ertrete-Info.plist */ = {isa = PBXFileReference; lastKnownFileType = text.plist.xml; path = "ertrete-Info.plist"; sourceTree = "<group>"; };
		0232DABB155A66C0004D70ED /* en */ = {isa = PBXFileReference; lastKnownFileType = text.plist.strings; name = en; path = en.lproj/InfoPlist.strings; sourceTree = "<group>"; };
		0232DABD155A66C0004D70ED /* main.m */ = {isa = PBXFileReference; lastKnownFileType = sourcecode.c.objc; path = main.m; sourceTree = "<group>"; };
		0232DABF155A66C0004D70ED /* ertrete-Prefix.pch */ = {isa = PBXFileReference; lastKnownFileType = sourcecode.c.h; path = "ertrete-Prefix.pch"; sourceTree = "<group>"; };
		0232DAC0155A66C0004D70ED /* AppDelegate.h */ = {isa = PBXFileReference; lastKnownFileType = sourcecode.c.h; path = AppDelegate.h; sourceTree = "<group>"; };
		0232DAC1155A66C0004D70ED /* AppDelegate.m */ = {isa = PBXFileReference; lastKnownFileType = sourcecode.c.objc; path = AppDelegate.m; sourceTree = "<group>"; };
/* End PBXFileReference section */

/* Begin PBXFrameworksBuildPhase section */
		0232DAAA155A66C0004D70ED /* Frameworks */ = {
			isa = PBXFrameworksBuildPhase;
			buildActionMask = 2147483647;
			files = (
				0232DAB2155A66C0004D70ED /* UIKit.framework in Frameworks */,
				0232DAB4155A66C0004D70ED /* Foundation.framework in Frameworks */,
				0232DAB6155A66C0004D70ED /* CoreGraphics.framework in Frameworks */,
			);
			runOnlyForDeploymentPostprocessing = 0;
		};
/* End PBXFrameworksBuildPhase section */

/* Begin PBXGroup section */
		0232DAA2155A66C0004D70ED = {
			isa = PBXGroup;
			children = (
				0232DAB7155A66C0004D70ED /* ertrete */,
				0232DAB0155A66C0004D70ED /* Frameworks */,
				0232DAAE155A66C0004D70ED /* Products */,
			);
			sourceTree = "<group>";
		};
		0232DAAE155A66C0004D70ED /* Products */ = {
			isa = PBXGroup;
			children = (
				0232DAAD155A66C0004D70ED /* ertrete.app */,
			);
			name = Products;
			sourceTree = "<group>";
		};
		0232DAB0155A66C0004D70ED /* Frameworks */ = {
			isa = PBXGroup;
			children = (
				0232DAB1155A66C0004D70ED /* UIKit.framework */,
				0232DAB3155A66C0004D70ED /* Foundation.framework */,
				0232DAB5155A66C0004D70ED /* CoreGraphics.framework */,
			);
			name = Frameworks;
			sourceTree = "<group>";
		};
		0232DAB7155A66C0004D70ED /* ertrete */ = {
			isa = PBXGroup;
			children = (
				0232DAC0155A66C0004D70ED /* AppDelegate.h */,
				0232DAC1155A66C0004D70ED /* AppDelegate.m */,
				0232DAB8155A66C0004D70ED /* Supporting Files */,
			);
			path = ertrete;
			sourceTree = "<group>";
		};
		0232DAB8155A66C0004D70ED /* Supporting Files */ = {
			isa = PBXGroup;
			children = (
				0232DAB9155A66C0004D70ED /* ertrete-Info.plist */,
				0232DABA155A66C0004D70ED /* InfoPlist.strings */,
				0232DABD155A66C0004D70ED /* main.m */,
				0232DABF155A66C0004D70ED /* ertrete-Prefix.pch */,
			);
			name = "Supporting Files";
			sourceTree = "<group>";
		};
/* End PBXGroup section */

/* Begin PBXNativeTarget section */
		0232DAAC155A66C0004D70ED /* ertrete */ = {
			isa = PBXNativeTarget;
			buildConfigurationList = 0232DAC5155A66C0004D70ED /* Build configuration list for PBXNativeTarget "ertrete" */;
			buildPhases = (
				0232DAA9155A66C0004D70ED /* Sources */,
				0232DAAA155A66C0004D70ED /* Frameworks */,
				0232DAAB155A66C0004D70ED /* Resources */,
			);
			buildRules = (
			);
			dependencies = (
			);
			name = ertrete;
			productName = ertrete;
			productReference = 0232DAAD155A66C0004D70ED /* ertrete.app */;
			productType = "com.apple.product-type.application";
		};
/* End PBXNativeTarget section */

/* Begin PBXProject section */
		0232DAA4155A66C0004D70ED /* Project object */ = {
			isa = PBXProject;
			attributes = {
				LastUpgradeCheck = 0430;
				ORGANIZATIONNAME = Dunya;
			};
			buildConfigurationList = 0232DAA7155A66C0004D70ED /* Build configuration list for PBXProject "ertrete" */;
			compatibilityVersion = "Xcode 3.2";
			developmentRegion = English;
			hasScannedForEncodings = 0;
			knownRegions = (
				en,
			);
			mainGroup = 0232DAA2155A66C0004D70ED;
			productRefGroup = 0232DAAE155A66C0004D70ED /* Products */;
			projectDirPath = "";
			projectRoot = "";
			targets = (
				0232DAAC155A66C0004D70ED /* ertrete */,
			);
		};
/* End PBXProject section */

/* Begin PBXResourcesBuildPhase section */
		0232DAAB155A66C0004D70ED /* Resources */ = {
			isa = PBXResourcesBuildPhase;
			buildActionMask = 2147483647;
			files = (
				0232DABC155A66C0004D70ED /* InfoPlist.strings in Resources */,
			);
			runOnlyForDeploymentPostprocessing = 0;
		};
/* End PBXResourcesBuildPhase section */

/* Begin PBXSourcesBuildPhase section */
		0232DAA9155A66C0004D70ED /* Sources */ = {
			isa = PBXSourcesBuildPhase;
			buildActionMask = 2147483647;
			files = (
				0232DABE155A66C0004D70ED /* main.m in Sources */,
				0232DAC2155A66C0004D70ED /* AppDelegate.m in Sources */,
			);
			runOnlyForDeploymentPostprocessing = 0;
		};
/* End PBXSourcesBuildPhase section */

/* Begin PBXVariantGroup section */
		0232DABA155A66C0004D70ED /* InfoPlist.strings */ = {
			isa = PBXVariantGroup;
			children = (
				0232DABB155A66C0004D70ED /* en */,
			);
			name = InfoPlist.strings;
			sourceTree = "<group>";
		};
/* End PBXVariantGroup section */

/* Begin XCBuildConfiguration section */
		0232DAC3155A66C0004D70ED /* Debug */ = {
			isa = XCBuildConfiguration;
			buildSettings = {
				ALWAYS_SEARCH_USER_PATHS = NO;
				ARCHS = "$(ARCHS_STANDARD_32_BIT)";
				"CODE_SIGN_IDENTITY[sdk=iphoneos*]" = "iPhone Developer";
				COPY_PHASE_STRIP = NO;
				GCC_C_LANGUAGE_STANDARD = gnu99;
				GCC_DYNAMIC_NO_PIC = NO;
				GCC_OPTIMIZATION_LEVEL = 0;
				GCC_PREPROCESSOR_DEFINITIONS = (
					"DEBUG=1",
					"$(inherited)",
				);
				GCC_SYMBOLS_PRIVATE_EXTERN = NO;
				GCC_VERSION = com.apple.compilers.llvm.clang.1_0;
				GCC_WARN_ABOUT_RETURN_TYPE = YES;
				GCC_WARN_UNINITIALIZED_AUTOS = YES;
				GCC_WARN_UNUSED_VARIABLE = YES;
				IPHONEOS_DEPLOYMENT_TARGET = 5.1;
				SDKROOT = iphoneos;
				TARGETED_DEVICE_FAMILY = "1,2";
			};
			name = Debug;
		};
		0232DAC4155A66C0004D70ED /* Release */ = {
			isa = XCBuildConfiguration;
			buildSettings = {
				ALWAYS_SEARCH_USER_PATHS = NO;
				ARCHS = "$(ARCHS_STANDARD_32_BIT)";
				"CODE_SIGN_IDENTITY[sdk=iphoneos*]" = "iPhone Developer";
				COPY_PHASE_STRIP = YES;
				GCC_C_LANGUAGE_STANDARD = gnu99;
				GCC_VERSION = com.apple.compilers.llvm.clang.1_0;
				GCC_WARN_ABOUT_RETURN_TYPE = YES;
				GCC_WARN_UNINITIALIZED_AUTOS = YES;
				GCC_WARN_UNUSED_VARIABLE = YES;
				IPHONEOS_DEPLOYMENT_TARGET = 5.1;
				OTHER_CFLAGS = "-DNS_BLOCK_ASSERTIONS=1";
				SDKROOT = iphoneos;
				TARGETED_DEVICE_FAMILY = "1,2";
				VALIDATE_PRODUCT = YES;
			};
			name = Release;
		};
		0232DAC6155A66C0004D70ED /* Debug */ = {
			isa = XCBuildConfiguration;
			buildSettings = {
				GCC_PRECOMPILE_PREFIX_HEADER = YES;
				GCC_PREFIX_HEADER = "ertrete/ertrete-Prefix.pch";
				INFOPLIST_FILE = "ertrete/ertrete-Info.plist";
				PRODUCT_NAME = "$(TARGET_NAME)";
				WRAPPER_EXTENSION = app;
			};
			name = Debug;
		};
		0232DAC7155A66C0004D70ED /* Release */ = {
			isa = XCBuildConfiguration;
			buildSettings = {
				GCC_PRECOMPILE_PREFIX_HEADER = YES;
				GCC_PREFIX_HEADER = "ertrete/ertrete-Prefix.pch";
				INFOPLIST_FILE = "ertrete/ertrete-Info.plist";
				PRODUCT_NAME = "$(TARGET_NAME)";
				WRAPPER_EXTENSION = app;
			};
			name = Release;
		};
/* End XCBuildConfiguration section */

/* Begin XCConfigurationList section */
		0232DAA7155A66C0004D70ED /* Build configuration list for PBXProject "ertrete" */ = {
			isa = XCConfigurationList;
			buildConfigurations = (
				0232DAC3155A66C0004D70ED /* Debug */,
				0232DAC4155A66C0004D70ED /* Release */,
			);
			defaultConfigurationIsVisible = 0;
			defaultConfigurationName = Release;
		};
		0232DAC5155A66C0004D70ED /* Build configuration list for PBXNativeTarget "ertrete" */ = {
			isa = XCConfigurationList;
			buildConfigurations = (
				0232DAC6155A66C0004D70ED /* Debug */,
				0232DAC7155A66C0004D70ED /* Release */,
			);
			defaultConfigurationIsVisible = 0;
		};
/* End XCConfigurationList section */
	};
	rootObject = 0232DAA4155A66C0004D70ED /* Project object */;
}
