// !$*UTF8*$!
{
	archiveVersion = 1;
	classes = {
	};
	objectVersion = 46;
	objects = {

/* Begin PBXBuildFile section */
		02D3B6AE155A85AC007FC2E4 /* UIKit.framework in Frameworks */ = {isa = PBXBuildFile; fileRef = 02D3B6AD155A85AC007FC2E4 /* UIKit.framework */; };
		02D3B6B0155A85AC007FC2E4 /* Foundation.framework in Frameworks */ = {isa = PBXBuildFile; fileRef = 02D3B6AF155A85AC007FC2E4 /* Foundation.framework */; };
		02D3B6B2155A85AC007FC2E4 /* CoreGraphics.framework in Frameworks */ = {isa = PBXBuildFile; fileRef = 02D3B6B1155A85AC007FC2E4 /* CoreGraphics.framework */; };
		02D3B6B8155A85AC007FC2E4 /* InfoPlist.strings in Resources */ = {isa = PBXBuildFile; fileRef = 02D3B6B6155A85AC007FC2E4 /* InfoPlist.strings */; };
		02D3B6BA155A85AC007FC2E4 /* main.m in Sources */ = {isa = PBXBuildFile; fileRef = 02D3B6B9155A85AC007FC2E4 /* main.m */; };
		02D3B6BE155A85AC007FC2E4 /* AppDelegate.m in Sources */ = {isa = PBXBuildFile; fileRef = 02D3B6BD155A85AC007FC2E4 /* AppDelegate.m */; };
/* End PBXBuildFile section */

/* Begin PBXFileReference section */
		02D3B6A9155A85AC007FC2E4 /* adf.app */ = {isa = PBXFileReference; explicitFileType = wrapper.application; includeInIndex = 0; path = adf.app; sourceTree = BUILT_PRODUCTS_DIR; };
		02D3B6AD155A85AC007FC2E4 /* UIKit.framework */ = {isa = PBXFileReference; lastKnownFileType = wrapper.framework; name = UIKit.framework; path = System/Library/Frameworks/UIKit.framework; sourceTree = SDKROOT; };
		02D3B6AF155A85AC007FC2E4 /* Foundation.framework */ = {isa = PBXFileReference; lastKnownFileType = wrapper.framework; name = Foundation.framework; path = System/Library/Frameworks/Foundation.framework; sourceTree = SDKROOT; };
		02D3B6B1155A85AC007FC2E4 /* CoreGraphics.framework */ = {isa = PBXFileReference; lastKnownFileType = wrapper.framework; name = CoreGraphics.framework; path = System/Library/Frameworks/CoreGraphics.framework; sourceTree = SDKROOT; };
		02D3B6B5155A85AC007FC2E4 /* adf-Info.plist */ = {isa = PBXFileReference; lastKnownFileType = text.plist.xml; path = "adf-Info.plist"; sourceTree = "<group>"; };
		02D3B6B7155A85AC007FC2E4 /* en */ = {isa = PBXFileReference; lastKnownFileType = text.plist.strings; name = en; path = en.lproj/InfoPlist.strings; sourceTree = "<group>"; };
		02D3B6B9155A85AC007FC2E4 /* main.m */ = {isa = PBXFileReference; lastKnownFileType = sourcecode.c.objc; path = main.m; sourceTree = "<group>"; };
		02D3B6BB155A85AC007FC2E4 /* adf-Prefix.pch */ = {isa = PBXFileReference; lastKnownFileType = sourcecode.c.h; path = "adf-Prefix.pch"; sourceTree = "<group>"; };
		02D3B6BC155A85AC007FC2E4 /* AppDelegate.h */ = {isa = PBXFileReference; lastKnownFileType = sourcecode.c.h; path = AppDelegate.h; sourceTree = "<group>"; };
		02D3B6BD155A85AC007FC2E4 /* AppDelegate.m */ = {isa = PBXFileReference; lastKnownFileType = sourcecode.c.objc; path = AppDelegate.m; sourceTree = "<group>"; };
/* End PBXFileReference section */

/* Begin PBXFrameworksBuildPhase section */
		02D3B6A6155A85AC007FC2E4 /* Frameworks */ = {
			isa = PBXFrameworksBuildPhase;
			buildActionMask = 2147483647;
			files = (
				02D3B6AE155A85AC007FC2E4 /* UIKit.framework in Frameworks */,
				02D3B6B0155A85AC007FC2E4 /* Foundation.framework in Frameworks */,
				02D3B6B2155A85AC007FC2E4 /* CoreGraphics.framework in Frameworks */,
			);
			runOnlyForDeploymentPostprocessing = 0;
		};
/* End PBXFrameworksBuildPhase section */

/* Begin PBXGroup section */
		02D3B69E155A85AB007FC2E4 = {
			isa = PBXGroup;
			children = (
				02D3B6B3155A85AC007FC2E4 /* adf */,
				02D3B6AC155A85AC007FC2E4 /* Frameworks */,
				02D3B6AA155A85AC007FC2E4 /* Products */,
			);
			sourceTree = "<group>";
		};
		02D3B6AA155A85AC007FC2E4 /* Products */ = {
			isa = PBXGroup;
			children = (
				02D3B6A9155A85AC007FC2E4 /* adf.app */,
			);
			name = Products;
			sourceTree = "<group>";
		};
		02D3B6AC155A85AC007FC2E4 /* Frameworks */ = {
			isa = PBXGroup;
			children = (
				02D3B6AD155A85AC007FC2E4 /* UIKit.framework */,
				02D3B6AF155A85AC007FC2E4 /* Foundation.framework */,
				02D3B6B1155A85AC007FC2E4 /* CoreGraphics.framework */,
			);
			name = Frameworks;
			sourceTree = "<group>";
		};
		02D3B6B3155A85AC007FC2E4 /* adf */ = {
			isa = PBXGroup;
			children = (
				02D3B6BC155A85AC007FC2E4 /* AppDelegate.h */,
				02D3B6BD155A85AC007FC2E4 /* AppDelegate.m */,
				02D3B6B4155A85AC007FC2E4 /* Supporting Files */,
			);
			path = adf;
			sourceTree = "<group>";
		};
		02D3B6B4155A85AC007FC2E4 /* Supporting Files */ = {
			isa = PBXGroup;
			children = (
				02D3B6B5155A85AC007FC2E4 /* adf-Info.plist */,
				02D3B6B6155A85AC007FC2E4 /* InfoPlist.strings */,
				02D3B6B9155A85AC007FC2E4 /* main.m */,
				02D3B6BB155A85AC007FC2E4 /* adf-Prefix.pch */,
			);
			name = "Supporting Files";
			sourceTree = "<group>";
		};
/* End PBXGroup section */

/* Begin PBXNativeTarget section */
		02D3B6A8155A85AC007FC2E4 /* adf */ = {
			isa = PBXNativeTarget;
			buildConfigurationList = 02D3B6C1155A85AC007FC2E4 /* Build configuration list for PBXNativeTarget "adf" */;
			buildPhases = (
				02D3B6A5155A85AC007FC2E4 /* Sources */,
				02D3B6A6155A85AC007FC2E4 /* Frameworks */,
				02D3B6A7155A85AC007FC2E4 /* Resources */,
			);
			buildRules = (
			);
			dependencies = (
			);
			name = adf;
			productName = adf;
			productReference = 02D3B6A9155A85AC007FC2E4 /* adf.app */;
			productType = "com.apple.product-type.application";
		};
/* End PBXNativeTarget section */

/* Begin PBXProject section */
		02D3B6A0155A85AB007FC2E4 /* Project object */ = {
			isa = PBXProject;
			attributes = {
				LastUpgradeCheck = 0430;
				ORGANIZATIONNAME = Dunya;
			};
			buildConfigurationList = 02D3B6A3155A85AB007FC2E4 /* Build configuration list for PBXProject "adf" */;
			compatibilityVersion = "Xcode 3.2";
			developmentRegion = English;
			hasScannedForEncodings = 0;
			knownRegions = (
				en,
			);
			mainGroup = 02D3B69E155A85AB007FC2E4;
			productRefGroup = 02D3B6AA155A85AC007FC2E4 /* Products */;
			projectDirPath = "";
			projectRoot = "";
			targets = (
				02D3B6A8155A85AC007FC2E4 /* adf */,
			);
		};
/* End PBXProject section */

/* Begin PBXResourcesBuildPhase section */
		02D3B6A7155A85AC007FC2E4 /* Resources */ = {
			isa = PBXResourcesBuildPhase;
			buildActionMask = 2147483647;
			files = (
				02D3B6B8155A85AC007FC2E4 /* InfoPlist.strings in Resources */,
			);
			runOnlyForDeploymentPostprocessing = 0;
		};
/* End PBXResourcesBuildPhase section */

/* Begin PBXSourcesBuildPhase section */
		02D3B6A5155A85AC007FC2E4 /* Sources */ = {
			isa = PBXSourcesBuildPhase;
			buildActionMask = 2147483647;
			files = (
				02D3B6BA155A85AC007FC2E4 /* main.m in Sources */,
				02D3B6BE155A85AC007FC2E4 /* AppDelegate.m in Sources */,
			);
			runOnlyForDeploymentPostprocessing = 0;
		};
/* End PBXSourcesBuildPhase section */

/* Begin PBXVariantGroup section */
		02D3B6B6155A85AC007FC2E4 /* InfoPlist.strings */ = {
			isa = PBXVariantGroup;
			children = (
				02D3B6B7155A85AC007FC2E4 /* en */,
			);
			name = InfoPlist.strings;
			sourceTree = "<group>";
		};
/* End PBXVariantGroup section */

/* Begin XCBuildConfiguration section */
		02D3B6BF155A85AC007FC2E4 /* Debug */ = {
			isa = XCBuildConfiguration;
			buildSettings = {
				ALWAYS_SEARCH_USER_PATHS = NO;
				ARCHS = "$(ARCHS_STANDARD_32_BIT)";
				"CODE_SIGN_IDENTITY[sdk=iphoneos*]" = "iPhone Developer";
				COPY_PHASE_STRIP = NO;
				GCC_C_LANGUAGE_STANDARD = gnu99;
				GCC_DYNAMIC_NO_PIC = NO;
				GCC_OPTIMIZATION_LEVEL = 0;
				GCC_PREPROCESSOR_DEFINITIONS = (
					"DEBUG=1",
					"$(inherited)",
				);
				GCC_SYMBOLS_PRIVATE_EXTERN = NO;
				GCC_VERSION = com.apple.compilers.llvm.clang.1_0;
				GCC_WARN_ABOUT_RETURN_TYPE = YES;
				GCC_WARN_UNINITIALIZED_AUTOS = YES;
				GCC_WARN_UNUSED_VARIABLE = YES;
				IPHONEOS_DEPLOYMENT_TARGET = 5.1;
				SDKROOT = iphoneos;
				TARGETED_DEVICE_FAMILY = "1,2";
			};
			name = Debug;
		};
		02D3B6C0155A85AC007FC2E4 /* Release */ = {
			isa = XCBuildConfiguration;
			buildSettings = {
				ALWAYS_SEARCH_USER_PATHS = NO;
				ARCHS = "$(ARCHS_STANDARD_32_BIT)";
				"CODE_SIGN_IDENTITY[sdk=iphoneos*]" = "iPhone Developer";
				COPY_PHASE_STRIP = YES;
				GCC_C_LANGUAGE_STANDARD = gnu99;
				GCC_VERSION = com.apple.compilers.llvm.clang.1_0;
				GCC_WARN_ABOUT_RETURN_TYPE = YES;
				GCC_WARN_UNINITIALIZED_AUTOS = YES;
				GCC_WARN_UNUSED_VARIABLE = YES;
				IPHONEOS_DEPLOYMENT_TARGET = 5.1;
				OTHER_CFLAGS = "-DNS_BLOCK_ASSERTIONS=1";
				SDKROOT = iphoneos;
				TARGETED_DEVICE_FAMILY = "1,2";
				VALIDATE_PRODUCT = YES;
			};
			name = Release;
		};
		02D3B6C2155A85AC007FC2E4 /* Debug */ = {
			isa = XCBuildConfiguration;
			buildSettings = {
				GCC_PRECOMPILE_PREFIX_HEADER = YES;
				GCC_PREFIX_HEADER = "adf/adf-Prefix.pch";
				INFOPLIST_FILE = "adf/adf-Info.plist";
				PRODUCT_NAME = "$(TARGET_NAME)";
				WRAPPER_EXTENSION = app;
			};
			name = Debug;
		};
		02D3B6C3155A85AC007FC2E4 /* Release */ = {
			isa = XCBuildConfiguration;
			buildSettings = {
				GCC_PRECOMPILE_PREFIX_HEADER = YES;
				GCC_PREFIX_HEADER = "adf/adf-Prefix.pch";
				INFOPLIST_FILE = "adf/adf-Info.plist";
				PRODUCT_NAME = "$(TARGET_NAME)";
				WRAPPER_EXTENSION = app;
			};
			name = Release;
		};
/* End XCBuildConfiguration section */

/* Begin XCConfigurationList section */
		02D3B6A3155A85AB007FC2E4 /* Build configuration list for PBXProject "adf" */ = {
			isa = XCConfigurationList;
			buildConfigurations = (
				02D3B6BF155A85AC007FC2E4 /* Debug */,
				02D3B6C0155A85AC007FC2E4 /* Release */,
			);
			defaultConfigurationIsVisible = 0;
			defaultConfigurationName = Release;
		};
		02D3B6C1155A85AC007FC2E4 /* Build configuration list for PBXNativeTarget "adf" */ = {
			isa = XCConfigurationList;
			buildConfigurations = (
				02D3B6C2155A85AC007FC2E4 /* Debug */,
				02D3B6C3155A85AC007FC2E4 /* Release */,
			);
			defaultConfigurationIsVisible = 0;
		};
/* End XCConfigurationList section */
	};
	rootObject = 02D3B6A0155A85AB007FC2E4 /* Project object */;
}
